PODS:
  - AlipaySDK-iOS (15.7.4)
  - Flutter (1.0.0)
  - flutter_alipay (0.0.1):
    - AlipaySDK-iOS
    - Flutter

DEPENDENCIES:
  - Flutter (from `Flutter`)
  - flutter_alipay (from `.symlinks/plugins/flutter_alipay/ios`)

SPEC REPOS:
  trunk:
    - AlipaySDK-iOS

EXTERNAL SOURCES:
  Flutter:
    :path: Flutter
  flutter_alipay:
    :path: ".symlinks/plugins/flutter_alipay/ios"

SPEC CHECKSUMS:
  AlipaySDK-iOS: 8659cdb4403de7e5f26ad8b699864a9cbe53384c
  Flutter: 0e3d915762c693b495b44d77113d4970485de6ec
  flutter_alipay: feedc0200a70b37c2f230b9fc33674f32e272327

PODFILE CHECKSUM: 3dbe063e9c90a5d7c9e4e76e70a821b9e2c1d271

COCOAPODS: 1.8.4
