PODS:
  - AlipaySDK-iOS (15.5.9)
  - Flutter (1.0.0)
  - flutter_alipay (0.0.1):
    - AlipaySDK-iOS
    - Flutter

DEPENDENCIES:
  - Flutter (from `Pods/.symlinks/flutter/ios`)
  - flutter_alipay (from `Pods/.symlinks/plugins/flutter_alipay/ios`)

SPEC REPOS:
  https://github.com/cocoapods/specs.git:
    - AlipaySDK-iOS

EXTERNAL SOURCES:
  Flutter:
    :path: Pods/.symlinks/flutter/ios
  flutter_alipay:
    :path: Pods/.symlinks/plugins/flutter_alipay/ios

SPEC CHECKSUMS:
  AlipaySDK-iOS: 1c5283b30977a24acecc0114662697f7dc78f618
  Flutter: 58dd7d1b27887414a370fcccb9e645c08ffd7a6a
  flutter_alipay: fa5b3bb9cacbccaf2e763291f0a116d18290e600

PODFILE CHECKSUM: 028fe5590dcb8ffd838e4b21758b613901a1d92c

COCOAPODS: 1.6.1
